// !$*UTF8*$!
{
	archiveVersion = 1;
	classes = {
	};
	objectVersion = 46;
	objects = {

/* Begin PBXBuildFile section */
		476057CE1D8931B2005255AC /* AppDelegate.swift in Sources */ = {isa = PBXBuildFile; fileRef = 476057CD1D8931B2005255AC /* AppDelegate.swift */; };
		476057D01D8931B2005255AC /* ViewController.swift in Sources */ = {isa = PBXBuildFile; fileRef = 476057CF1D8931B2005255AC /* ViewController.swift */; };
		476057D31D8931B2005255AC /* Main.storyboard in Resources */ = {isa = PBXBuildFile; fileRef = 476057D11D8931B2005255AC /* Main.storyboard */; };
		476057D51D8931B2005255AC /* Assets.xcassets in Resources */ = {isa = PBXBuildFile; fileRef = 476057D41D8931B2005255AC /* Assets.xcassets */; };
		476057D81D8931B2005255AC /* LaunchScreen.storyboard in Resources */ = {isa = PBXBuildFile; fileRef = 476057D61D8931B2005255AC /* LaunchScreen.storyboard */; };
/* End PBXBuildFile section */

/* Begin PBXFileReference section */
		476057CA1D8931B2005255AC /* AVfoundationTest.app */ = {isa = PBXFileReference; explicitFileType = wrapper.application; includeInIndex = 0; path = AVfoundationTest.app; sourceTree = BUILT_PRODUCTS_DIR; };
		476057CD1D8931B2005255AC /* AppDelegate.swift */ = {isa = PBXFileReference; lastKnownFileType = sourcecode.swift; path = AppDelegate.swift; sourceTree = "<group>"; };
		476057CF1D8931B2005255AC /* ViewController.swift */ = {isa = PBXFileReference; lastKnownFileType = sourcecode.swift; path = ViewController.swift; sourceTree = "<group>"; };
		476057D21D8931B2005255AC /* Base */ = {isa = PBXFileReference; lastKnownFileType = file.storyboard; name = Base; path = Base.lproj/Main.storyboard; sourceTree = "<group>"; };
		476057D41D8931B2005255AC /* Assets.xcassets */ = {isa = PBXFileReference; lastKnownFileType = folder.assetcatalog; path = Assets.xcassets; sourceTree = "<group>"; };
		476057D71D8931B2005255AC /* Base */ = {isa = PBXFileReference; lastKnownFileType = file.storyboard; name = Base; path = Base.lproj/LaunchScreen.storyboard; sourceTree = "<group>"; };
		476057D91D8931B2005255AC /* Info.plist */ = {isa = PBXFileReference; lastKnownFileType = text.plist.xml; path = Info.plist; sourceTree = "<group>"; };
/* End PBXFileReference section */

/* Begin PBXFrameworksBuildPhase section */
		476057C71D8931B2005255AC /* Frameworks */ = {
			isa = PBXFrameworksBuildPhase;
			buildActionMask = 2147483647;
			files = (
			);
			runOnlyForDeploymentPostprocessing = 0;
		};
/* End PBXFrameworksBuildPhase section */

/* Begin PBXGroup section */
		476057C11D8931B2005255AC = {
			isa = PBXGroup;
			children = (
				476057CC1D8931B2005255AC /* AVfoundationTest */,
				476057CB1D8931B2005255AC /* Products */,
			);
			sourceTree = "<group>";
		};
		476057CB1D8931B2005255AC /* Products */ = {
			isa = PBXGroup;
			children = (
				476057CA1D8931B2005255AC /* AVfoundationTest.app */,
			);
			name = Products;
			sourceTree = "<group>";
		};
		476057CC1D8931B2005255AC /* AVfoundationTest */ = {
			isa = PBXGroup;
			children = (
				476057CD1D8931B2005255AC /* AppDelegate.swift */,
				476057CF1D8931B2005255AC /* ViewController.swift */,
				476057D11D8931B2005255AC /* Main.storyboard */,
				476057D41D8931B2005255AC /* Assets.xcassets */,
				476057D61D8931B2005255AC /* LaunchScreen.storyboard */,
				476057D91D8931B2005255AC /* Info.plist */,
			);
			path = AVfoundationTest;
			sourceTree = "<group>";
		};
/* End PBXGroup section */

/* Begin PBXNativeTarget section */
		476057C91D8931B2005255AC /* AVfoundationTest */ = {
			isa = PBXNativeTarget;
			buildConfigurationList = 476057DC1D8931B2005255AC /* Build configuration list for PBXNativeTarget "AVfoundationTest" */;
			buildPhases = (
				476057C61D8931B2005255AC /* Sources */,
				476057C71D8931B2005255AC /* Frameworks */,
				476057C81D8931B2005255AC /* Resources */,
			);
			buildRules = (
			);
			dependencies = (
			);
			name = AVfoundationTest;
			productName = AVfoundationTest;
			productReference = 476057CA1D8931B2005255AC /* AVfoundationTest.app */;
			productType = "com.apple.product-type.application";
		};
/* End PBXNativeTarget section */

/* Begin PBXProject section */
		476057C21D8931B2005255AC /* Project object */ = {
			isa = PBXProject;
			attributes = {
				LastSwiftUpdateCheck = 0730;
				LastUpgradeCheck = 0730;
				ORGANIZATIONNAME = shinsungil;
				TargetAttributes = {
					476057C91D8931B2005255AC = {
						CreatedOnToolsVersion = 7.3.1;
					};
				};
			};
			buildConfigurationList = 476057C51D8931B2005255AC /* Build configuration list for PBXProject "AVfoundationTest" */;
			compatibilityVersion = "Xcode 3.2";
			developmentRegion = English;
			hasScannedForEncodings = 0;
			knownRegions = (
				en,
				Base,
			);
			mainGroup = 476057C11D8931B2005255AC;
			productRefGroup = 476057CB1D8931B2005255AC /* Products */;
			projectDirPath = "";
			projectRoot = "";
			targets = (
				476057C91D8931B2005255AC /* AVfoundationTest */,
			);
		};
/* End PBXProject section */

/* Begin PBXResourcesBuildPhase section */
		476057C81D8931B2005255AC /* Resources */ = {
			isa = PBXResourcesBuildPhase;
			buildActionMask = 2147483647;
			files = (
				476057D81D8931B2005255AC /* LaunchScreen.storyboard in Resources */,
				476057D51D8931B2005255AC /* Assets.xcassets in Resources */,
				476057D31D8931B2005255AC /* Main.storyboard in Resources */,
			);
			runOnlyForDeploymentPostprocessing = 0;
		};
/* End PBXResourcesBuildPhase section */

/* Begin PBXSourcesBuildPhase section */
		476057C61D8931B2005255AC /* Sources */ = {
			isa = PBXSourcesBuildPhase;
			buildActionMask = 2147483647;
			files = (
				476057D01D8931B2005255AC /* ViewController.swift in Sources */,
				476057CE1D8931B2005255AC /* AppDelegate.swift in Sources */,
			);
			runOnlyForDeploymentPostprocessing = 0;
		};
/* End PBXSourcesBuildPhase section */

/* Begin PBXVariantGroup section */
		476057D11D8931B2005255AC /* Main.storyboard */ = {
			isa = PBXVariantGroup;
			children = (
				476057D21D8931B2005255AC /* Base */,
			);
			name = Main.storyboard;
			sourceTree = "<group>";
		};
		476057D61D8931B2005255AC /* LaunchScreen.storyboard */ = {
			isa = PBXVariantGroup;
			children = (
				476057D71D8931B2005255AC /* Base */,
			);
			name = LaunchScreen.storyboard;
			sourceTree = "<group>";
		};
/* End PBXVariantGroup section */

/* Begin XCBuildConfiguration section */
		476057DA1D8931B2005255AC /* Debug */ = {
			isa = XCBuildConfiguration;
			buildSettings = {
				ALWAYS_SEARCH_USER_PATHS = NO;
				CLANG_ANALYZER_NONNULL = YES;
				CLANG_CXX_LANGUAGE_STANDARD = "gnu++0x";
				CLANG_CXX_LIBRARY = "libc++";
				CLANG_ENABLE_MODULES = YES;
				CLANG_ENABLE_OBJC_ARC = YES;
				CLANG_WARN_BOOL_CONVERSION = YES;
				CLANG_WARN_CONSTANT_CONVERSION = YES;
				CLANG_WARN_DIRECT_OBJC_ISA_USAGE = YES_ERROR;
				CLANG_WARN_EMPTY_BODY = YES;
				CLANG_WARN_ENUM_CONVERSION = YES;
				CLANG_WARN_INT_CONVERSION = YES;
				CLANG_WARN_OBJC_ROOT_CLASS = YES_ERROR;
				CLANG_WARN_UNREACHABLE_CODE = YES;
				CLANG_WARN__DUPLICATE_METHOD_MATCH = YES;
				"CODE_SIGN_IDENTITY[sdk=iphoneos*]" = "iPhone Developer";
				COPY_PHASE_STRIP = NO;
				DEBUG_INFORMATION_FORMAT = dwarf;
				ENABLE_STRICT_OBJC_MSGSEND = YES;
				ENABLE_TESTABILITY = YES;
				GCC_C_LANGUAGE_STANDARD = gnu99;
				GCC_DYNAMIC_NO_PIC = NO;
				GCC_NO_COMMON_BLOCKS = YES;
				GCC_OPTIMIZATION_LEVEL = 0;
				GCC_PREPROCESSOR_DEFINITIONS = (
					"DEBUG=1",
					"$(inherited)",
				);
				GCC_WARN_64_TO_32_BIT_CONVERSION = YES;
				GCC_WARN_ABOUT_RETURN_TYPE = YES_ERROR;
				GCC_WARN_UNDECLARED_SELECTOR = YES;
				GCC_WARN_UNINITIALIZED_AUTOS = YES_AGGRESSIVE;
				GCC_WARN_UNUSED_FUNCTION = YES;
				GCC_WARN_UNUSED_VARIABLE = YES;
				IPHONEOS_DEPLOYMENT_TARGET = 9.3;
				MTL_ENABLE_DEBUG_INFO = YES;
				ONLY_ACTIVE_ARCH = YES;
				SDKROOT = iphoneos;
				SWIFT_OPTIMIZATION_LEVEL = "-Onone";
			};
			name = Debug;
		};
		476057DB1D8931B2005255AC /* Release */ = {
			isa = XCBuildConfiguration;
			buildSettings = {
				ALWAYS_SEARCH_USER_PATHS = NO;
				CLANG_ANALYZER_NONNULL = YES;
				CLANG_CXX_LANGUAGE_STANDARD = "gnu++0x";
				CLANG_CXX_LIBRARY = "libc++";
				CLANG_ENABLE_MODULES = YES;
				CLANG_ENABLE_OBJC_ARC = YES;
				CLANG_WARN_BOOL_CONVERSION = YES;
				CLANG_WARN_CONSTANT_CONVERSION = YES;
				CLANG_WARN_DIRECT_OBJC_ISA_USAGE = YES_ERROR;
				CLANG_WARN_EMPTY_BODY = YES;
				CLANG_WARN_ENUM_CONVERSION = YES;
				CLANG_WARN_INT_CONVERSION = YES;
				CLANG_WARN_OBJC_ROOT_CLASS = YES_ERROR;
				CLANG_WARN_UNREACHABLE_CODE = YES;
				CLANG_WARN__DUPLICATE_METHOD_MATCH = YES;
				"CODE_SIGN_IDENTITY[sdk=iphoneos*]" = "iPhone Developer";
				COPY_PHASE_STRIP = NO;
				DEBUG_INFORMATION_FORMAT = "dwarf-with-dsym";
				ENABLE_NS_ASSERTIONS = NO;
				ENABLE_STRICT_OBJC_MSGSEND = YES;
				GCC_C_LANGUAGE_STANDARD = gnu99;
				GCC_NO_COMMON_BLOCKS = YES;
				GCC_WARN_64_TO_32_BIT_CONVERSION = YES;
				GCC_WARN_ABOUT_RETURN_TYPE = YES_ERROR;
				GCC_WARN_UNDECLARED_SELECTOR = YES;
				GCC_WARN_UNINITIALIZED_AUTOS = YES_AGGRESSIVE;
				GCC_WARN_UNUSED_FUNCTION = YES;
				GCC_WARN_UNUSED_VARIABLE = YES;
				IPHONEOS_DEPLOYMENT_TARGET = 9.3;
				MTL_ENABLE_DEBUG_INFO = NO;
				SDKROOT = iphoneos;
				VALIDATE_PRODUCT = YES;
			};
			name = Release;
		};
		476057DD1D8931B2005255AC /* Debug */ = {
			isa = XCBuildConfiguration;
			buildSettings = {
				ASSETCATALOG_COMPILER_APPICON_NAME = AppIcon;
				INFOPLIST_FILE = AVfoundationTest/Info.plist;
				LD_RUNPATH_SEARCH_PATHS = "$(inherited) @executable_path/Frameworks";
				PRODUCT_BUNDLE_IDENTIFIER = shin.AVfoundationTest;
				PRODUCT_NAME = "$(TARGET_NAME)";
			};
			name = Debug;
		};
		476057DE1D8931B2005255AC /* Release */ = {
			isa = XCBuildConfiguration;
			buildSettings = {
				ASSETCATALOG_COMPILER_APPICON_NAME = AppIcon;
				INFOPLIST_FILE = AVfoundationTest/Info.plist;
				LD_RUNPATH_SEARCH_PATHS = "$(inherited) @executable_path/Frameworks";
				PRODUCT_BUNDLE_IDENTIFIER = shin.AVfoundationTest;
				PRODUCT_NAME = "$(TARGET_NAME)";
			};
			name = Release;
		};
/* End XCBuildConfiguration section */

/* Begin XCConfigurationList section */
		476057C51D8931B2005255AC /* Build configuration list for PBXProject "AVfoundationTest" */ = {
			isa = XCConfigurationList;
			buildConfigurations = (
				476057DA1D8931B2005255AC /* Debug */,
				476057DB1D8931B2005255AC /* Release */,
			);
			defaultConfigurationIsVisible = 0;
			defaultConfigurationName = Release;
		};
		476057DC1D8931B2005255AC /* Build configuration list for PBXNativeTarget "AVfoundationTest" */ = {
			isa = XCConfigurationList;
			buildConfigurations = (
				476057DD1D8931B2005255AC /* Debug */,
				476057DE1D8931B2005255AC /* Release */,
			);
			defaultConfigurationIsVisible = 0;
		};
/* End XCConfigurationList section */
	};
	rootObject = 476057C21D8931B2005255AC /* Project object */;
}
